
Microsoft Visual Studio Solution File, Format Version 12.00
# Visual Studio Version 16
VisualStudioVersion = 16.0.31410.357
MinimumVisualStudioVersion = 10.0.40219.1
Project("{FAE04EC0-301F-11D3-BF4B-00C04F79EFBC}") = "INPC_Event", "INPC_Event.csproj", "{D754CADC-7D05-4D5B-9A87-DE451CD02E1E}"
EndProject
Global
	GlobalSection(SolutionConfigurationPlatforms) = preSolution
		Debug|Any CPU = Debug|Any CPU
		Release|Any CPU = Release|Any CPU
	EndGlobalSection
	GlobalSection(ProjectConfigurationPlatforms) = postSolution
		{D754CADC-7D05-4D5B-9A87-DE451CD02E1E}.Debug|Any CPU.ActiveCfg = Debug|Any CPU
		{D754CADC-7D05-4D5B-9A87-DE451CD02E1E}.Debug|Any CPU.Build.0 = Debug|Any CPU
		{D754CADC-7D05-4D5B-9A87-DE451CD02E1E}.Release|Any CPU.ActiveCfg = Release|Any CPU
		{D754CADC-7D05-4D5B-9A87-DE451CD02E1E}.Release|Any CPU.Build.0 = Release|Any CPU
	EndGlobalSection
	GlobalSection(SolutionProperties) = preSolution
		HideSolutionNode = FALSE
	EndGlobalSection
	GlobalSection(ExtensibilityGlobals) = postSolution
		SolutionGuid = {EAD35ADB-3980-40CF-AB35-98F8CF968112}
	EndGlobalSection
EndGlobal
